{
  "name": "ui",
  "version": "1.0.0",
  "lockfileVersion": 1,
  "requires": true,
  "dependencies": {
    "@types/arcgis-js-api": {
      "version": "4.12.0",
      "resolved": "https://registry.npmjs.org/@types/arcgis-js-api/-/arcgis-js-api-4.12.0.tgz",
      "integrity": "sha512-hNJnuqfM1BQZR+muyqFQp8Srw8rshOIsJbSTX2G2zstIj20k09LdwZNAAVYK/QXt90vIJAUnKqP+6JrBv5l/VA==",
      "dev": true
    },
    "@types/chai": {
      "version": "4.2.3",
      "resolved": "https://registry.npmjs.org/@types/chai/-/chai-4.2.3.tgz",
      "integrity": "sha512-VRw2xEGbll3ZiTQ4J02/hUjNqZoue1bMhoo2dgM2LXjDdyaq4q80HgBDHwpI0/VKlo4Eg+BavyQMv/NYgTetzA==",
      "dev": true
    },
    "@types/date-fns": {
      "version": "2.6.0",
      "resolved": "https://registry.npmjs.org/@types/date-fns/-/date-fns-2.6.0.tgz",
      "integrity": "sha1-sGLKRlYgApCb4MY6ZGftFzE2rME=",
      "requires": {
        "date-fns": "*"
      }
    },
    "@types/node": {
      "version": "12.7.5",
      "resolved": "https://registry.npmjs.org/@types/node/-/node-12.7.5.tgz",
      "integrity": "sha512-9fq4jZVhPNW8r+UYKnxF1e2HkDWOWKM5bC2/7c9wPV835I0aOrVbS/Hw/pWPk2uKrNXQqg9Z959Kz+IYDd5p3w=="
    },
    "date-fns": {
      "version": "2.2.1",
      "resolved": "https://registry.npmjs.org/date-fns/-/date-fns-2.2.1.tgz",
      "integrity": "sha512-4V1i5CnTinjBvJpXTq7sDHD4NY6JPcl15112IeSNNLUWQOQ+kIuCvRGOFZMQZNvkadw8F9QTyZxz59rIRU6K+w=="
    },
    "dojo-typings": {
      "version": "1.11.9",
      "resolved": "https://registry.npmjs.org/dojo-typings/-/dojo-typings-1.11.9.tgz",
      "integrity": "sha512-mh8w+Mau2Y1QfTEszEAdO7j6ycNhYxF/Ing6nAk1eUg6NxjeT0viVHjICMd9sU3U463vM2G+KfBBK5grk3/Mlw==",
      "dev": true,
      "requires": {
        "@types/chai": "^4.0.4"
      }
    },
    "moment": {
      "version": "2.24.0",
      "resolved": "https://registry.npmjs.org/moment/-/moment-2.24.0.tgz",
      "integrity": "sha512-bV7f+6l2QigeBBZSM/6yTNq4P2fNpSWj/0e7jQcy87A8e7o2nAfP/34/2ky5Vw4B9S446EtIhodAzkFCcR4dQg=="
    },
    "prettier": {
      "version": "1.18.2",
      "resolved": "https://registry.npmjs.org/prettier/-/prettier-1.18.2.tgz",
      "integrity": "sha512-OeHeMc0JhFE9idD4ZdtNibzY0+TPHSpSSb9h8FqtP+YnoZZ1sl8Vc9b1sasjfymH3SonAF4QcA2+mzHPhMvIiw==",
      "dev": true
    }
  }
}
